
Microsoft Visual Studio Solution File, Format Version 12.00
# Visual Studio Version 17
VisualStudioVersion = 17.9.34616.47
MinimumVisualStudioVersion = 10.0.40219.1
Project("{8BC9CEB8-8B4A-11D0-8D11-00A0C91BC942}") = "KelimeOyunu", "KelimeOyunu.vcxproj", "{38095048-8455-4CC9-B5D7-D11360B37DF5}"
EndProject
Global
	GlobalSection(SolutionConfigurationPlatforms) = preSolution
		Debug|x64 = Debug|x64
		Debug|x86 = Debug|x86
		Release|x64 = Release|x64
		Release|x86 = Release|x86
	EndGlobalSection
	GlobalSection(ProjectConfigurationPlatforms) = postSolution
		{38095048-8455-4CC9-B5D7-D11360B37DF5}.Debug|x64.ActiveCfg = Debug|x64
		{38095048-8455-4CC9-B5D7-D11360B37DF5}.Debug|x64.Build.0 = Debug|x64
		{38095048-8455-4CC9-B5D7-D11360B37DF5}.Debug|x86.ActiveCfg = Debug|Win32
		{38095048-8455-4CC9-B5D7-D11360B37DF5}.Debug|x86.Build.0 = Debug|Win32
		{38095048-8455-4CC9-B5D7-D11360B37DF5}.Release|x64.ActiveCfg = Release|x64
		{38095048-8455-4CC9-B5D7-D11360B37DF5}.Release|x64.Build.0 = Release|x64
		{38095048-8455-4CC9-B5D7-D11360B37DF5}.Release|x86.ActiveCfg = Release|Win32
		{38095048-8455-4CC9-B5D7-D11360B37DF5}.Release|x86.Build.0 = Release|Win32
	EndGlobalSection
	GlobalSection(SolutionProperties) = preSolution
		HideSolutionNode = FALSE
	EndGlobalSection
	GlobalSection(ExtensibilityGlobals) = postSolution
		SolutionGuid = {26614804-1D16-4B2B-A592-7362EE2D2521}
	EndGlobalSection
EndGlobal
